{
	"name": "flyingBook-Extension",
	"version": "0.0.4",
	"lockfileVersion": 1,
	"requires": true,
	"dependencies": {
		"d": {
			"version": "1.0.1",
			"resolved": "https://registry.npm.taobao.org/d/download/d-1.0.1.tgz",
			"integrity": "sha1-hpgJU3LVjb7jRv/Qxwk/mfj561o=",
			"dev": true,
			"requires": {
				"es5-ext": "^0.10.50",
				"type": "^1.0.1"
			}
		},
		"es5-ext": {
			"version": "0.10.63",
			"resolved": "https://registry.npmjs.org/es5-ext/-/es5-ext-0.10.63.tgz",
			"integrity": "sha512-hUCZd2Byj/mNKjfP9jXrdVZ62B8KuA/VoK7X8nUh5qT+AxDmcbvZz041oDVZdbIN1qW6XY9VDNwzkvKnZvK2TQ==",
			"dev": true,
			"requires": {
				"es6-iterator": "^2.0.3",
				"es6-symbol": "^3.1.3",
				"esniff": "^2.0.1",
				"next-tick": "^1.1.0"
			},
			"dependencies": {
				"next-tick": {
					"version": "1.1.0",
					"resolved": "https://registry.npmjs.org/next-tick/-/next-tick-1.1.0.tgz",
					"integrity": "sha512-CXdUiJembsNjuToQvxayPZF9Vqht7hewsvy2sOWafLvi2awflj9mOC6bHIg50orX8IJvWKY9wYQ/zB2kogPslQ==",
					"dev": true
				}
			}
		},
		"es6-iterator": {
			"version": "2.0.3",
			"resolved": "https://registry.npm.taobao.org/es6-iterator/download/es6-iterator-2.0.3.tgz",
			"integrity": "sha1-p96IkUGgWpSwhUQDstCg+/qY87c=",
			"dev": true,
			"requires": {
				"d": "1",
				"es5-ext": "^0.10.35",
				"es6-symbol": "^3.1.1"
			}
		},
		"es6-symbol": {
			"version": "3.1.3",
			"resolved": "https://registry.npm.taobao.org/es6-symbol/download/es6-symbol-3.1.3.tgz",
			"integrity": "sha1-utXTwbzawoJp9MszHkMceKxwXRg=",
			"dev": true,
			"requires": {
				"d": "^1.0.1",
				"ext": "^1.1.2"
			}
		},
		"esniff": {
			"version": "2.0.1",
			"resolved": "https://registry.npmjs.org/esniff/-/esniff-2.0.1.tgz",
			"integrity": "sha512-kTUIGKQ/mDPFoJ0oVfcmyJn4iBDRptjNVIzwIFR7tqWXdVI9xfA2RMwY/gbSpJG3lkdWNEjLap/NqVHZiJsdfg==",
			"dev": true,
			"requires": {
				"d": "^1.0.1",
				"es5-ext": "^0.10.62",
				"event-emitter": "^0.3.5",
				"type": "^2.7.2"
			},
			"dependencies": {
				"type": {
					"version": "2.7.2",
					"resolved": "https://registry.npmjs.org/type/-/type-2.7.2.tgz",
					"integrity": "sha512-dzlvlNlt6AXU7EBSfpAscydQ7gXB+pPGsPnfJnZpiNJBDj7IaJzQlBZYGdEi4R9HmPdBv2XmWJ6YUtoTa7lmCw==",
					"dev": true
				}
			}
		},
		"event-emitter": {
			"version": "0.3.5",
			"resolved": "https://registry.npmjs.org/event-emitter/-/event-emitter-0.3.5.tgz",
			"integrity": "sha512-D9rRn9y7kLPnJ+hMq7S/nhvoKwwvVJahBi2BPmx3bvbsEdK3W9ii8cBSGjP+72/LnM4n6fo3+dkCX5FeTQruXA==",
			"dev": true,
			"requires": {
				"d": "1",
				"es5-ext": "~0.10.14"
			}
		},
		"expand-tilde": {
			"version": "2.0.2",
			"resolved": "https://registry.nlark.com/expand-tilde/download/expand-tilde-2.0.2.tgz",
			"integrity": "sha1-l+gBqgUt8CRU3kawK/YhZCzchQI=",
			"dev": true,
			"requires": {
				"homedir-polyfill": "^1.0.1"
			}
		},
		"ext": {
			"version": "1.6.0",
			"resolved": "https://registry.npmmirror.com/ext/download/ext-1.6.0.tgz",
			"integrity": "sha1-OHHVBkHodMwXLitT+RmELRnbTFI=",
			"dev": true,
			"requires": {
				"type": "^2.5.0"
			},
			"dependencies": {
				"type": {
					"version": "2.5.0",
					"resolved": "https://registry.npm.taobao.org/type/download/type-2.5.0.tgz",
					"integrity": "sha1-Ci54wud5B7JSq+XymMGwHGPw2z0=",
					"dev": true
				}
			}
		},
		"global-modules": {
			"version": "1.0.0",
			"resolved": "https://registry.npm.taobao.org/global-modules/download/global-modules-1.0.0.tgz",
			"integrity": "sha1-bXcPDrUjrHgWTXK15xqIdyZcw+o=",
			"dev": true,
			"requires": {
				"global-prefix": "^1.0.1",
				"is-windows": "^1.0.1",
				"resolve-dir": "^1.0.0"
			}
		},
		"global-prefix": {
			"version": "1.0.2",
			"resolved": "https://registry.npm.taobao.org/global-prefix/download/global-prefix-1.0.2.tgz",
			"integrity": "sha1-2/dDxsFJklk8ZVVoy2btMsASLr4=",
			"dev": true,
			"requires": {
				"expand-tilde": "^2.0.2",
				"homedir-polyfill": "^1.0.1",
				"ini": "^1.3.4",
				"is-windows": "^1.0.1",
				"which": "^1.2.14"
			}
		},
		"homedir-polyfill": {
			"version": "1.0.3",
			"resolved": "https://registry.npm.taobao.org/homedir-polyfill/download/homedir-polyfill-1.0.3.tgz",
			"integrity": "sha1-dDKYzvTlrz4ZQWH7rcwhUdOgWOg=",
			"dev": true,
			"requires": {
				"parse-passwd": "^1.0.0"
			}
		},
		"ini": {
			"version": "1.3.8",
			"resolved": "https://registry.npm.taobao.org/ini/download/ini-1.3.8.tgz?cache=0&sync_timestamp=1607907810942&other_urls=https%3A%2F%2Fregistry.npm.taobao.org%2Fini%2Fdownload%2Fini-1.3.8.tgz",
			"integrity": "sha1-op2kJbSIBvNHZ6Tvzjlyaa8oQyw=",
			"dev": true
		},
		"is-windows": {
			"version": "1.0.2",
			"resolved": "https://registry.npm.taobao.org/is-windows/download/is-windows-1.0.2.tgz",
			"integrity": "sha1-0YUOuXkezRjmGCzhKjDzlmNLsZ0=",
			"dev": true
		},
		"isexe": {
			"version": "2.0.0",
			"resolved": "https://registry.npm.taobao.org/isexe/download/isexe-2.0.0.tgz",
			"integrity": "sha1-6PvzdNxVb/iUehDcsFctYz8s+hA=",
			"dev": true
		},
		"parse-passwd": {
			"version": "1.0.0",
			"resolved": "https://registry.nlark.com/parse-passwd/download/parse-passwd-1.0.0.tgz",
			"integrity": "sha1-bVuTSkVpk7I9N/QKOC1vFmao5cY=",
			"dev": true
		},
		"resolve-dir": {
			"version": "1.0.1",
			"resolved": "https://registry.npm.taobao.org/resolve-dir/download/resolve-dir-1.0.1.tgz",
			"integrity": "sha1-eaQGRMNivoLybv/nOcm7U4IEb0M=",
			"dev": true,
			"requires": {
				"expand-tilde": "^2.0.0",
				"global-modules": "^1.0.0"
			}
		},
		"type": {
			"version": "1.2.0",
			"resolved": "https://registry.npm.taobao.org/type/download/type-1.2.0.tgz",
			"integrity": "sha1-hI3XaY2vo+VKbEeedZxLw/GIR6A=",
			"dev": true
		},
		"which": {
			"version": "1.3.1",
			"resolved": "https://registry.npm.taobao.org/which/download/which-1.3.1.tgz",
			"integrity": "sha1-pFBD1U9YBTFtqNYvn1CRjT2nCwo=",
			"dev": true,
			"requires": {
				"isexe": "^2.0.0"
			}
		}
	}
}
